// !$*UTF8*$!
{
	archiveVersion = 1;
	classes = {
	};
	objectVersion = 56;
	objects = {

/* Begin PBXBuildFile section */
		C98F076B2A604E990046E184 /* Maps.swift in Sources */ = {isa = PBXBuildFile; fileRef = C98F076A2A604E990046E184 /* Maps.swift */; };
		C9A11A0A2A4859A9009776AF /* CustomCorners.swift in Sources */ = {isa = PBXBuildFile; fileRef = C9A11A092A4859A9009776AF /* CustomCorners.swift */; };
		C9A11A0C2A487E25009776AF /* MainPage.swift in Sources */ = {isa = PBXBuildFile; fileRef = C9A11A0B2A487E24009776AF /* MainPage.swift */; };
		C9A11A0F2A4882DD009776AF /* Home.swift in Sources */ = {isa = PBXBuildFile; fileRef = C9A11A0E2A4882DD009776AF /* Home.swift */; };
		C9A11A122A48869A009776AF /* Product.swift in Sources */ = {isa = PBXBuildFile; fileRef = C9A11A112A48869A009776AF /* Product.swift */; };
		C9A11A142A488939009776AF /* HomeView.swift in Sources */ = {isa = PBXBuildFile; fileRef = C9A11A132A488939009776AF /* HomeView.swift */; };
		C9A11A162A488C5C009776AF /* MoreProductView.swift in Sources */ = {isa = PBXBuildFile; fileRef = C9A11A152A488C5C009776AF /* MoreProductView.swift */; };
		C9AE34152A612B8400766A7F /* Profile.swift in Sources */ = {isa = PBXBuildFile; fileRef = C9AE34142A612B8400766A7F /* Profile.swift */; };
		C9AE34172A6136B800766A7F /* LocationDetailsView.swift in Sources */ = {isa = PBXBuildFile; fileRef = C9AE34162A6136B800766A7F /* LocationDetailsView.swift */; };
		C9AE34192A6136C600766A7F /* PlaceAnnotationView.swift in Sources */ = {isa = PBXBuildFile; fileRef = C9AE34182A6136C600766A7F /* PlaceAnnotationView.swift */; };
		C9AE341B2A613CB900766A7F /* PlaceAnnotationShowHideView.swift in Sources */ = {isa = PBXBuildFile; fileRef = C9AE341A2A613CB900766A7F /* PlaceAnnotationShowHideView.swift */; };
		C9AE341D2A63CFCA00766A7F /* Form.swift in Sources */ = {isa = PBXBuildFile; fileRef = C9AE341C2A63CFCA00766A7F /* Form.swift */; };
		C9F55FD92A480D6400E211C0 /* E_Commerce_App_UIApp.swift in Sources */ = {isa = PBXBuildFile; fileRef = C9F55FD82A480D6400E211C0 /* E_Commerce_App_UIApp.swift */; };
		C9F55FDB2A480D6400E211C0 /* ContentView.swift in Sources */ = {isa = PBXBuildFile; fileRef = C9F55FDA2A480D6400E211C0 /* ContentView.swift */; };
		C9F55FDD2A480D6700E211C0 /* Assets.xcassets in Resources */ = {isa = PBXBuildFile; fileRef = C9F55FDC2A480D6700E211C0 /* Assets.xcassets */; };
		C9F55FE12A480D6700E211C0 /* Preview Assets.xcassets in Resources */ = {isa = PBXBuildFile; fileRef = C9F55FE02A480D6700E211C0 /* Preview Assets.xcassets */; };
		C9F55FEB2A480E5500E211C0 /* Raleway-SemiBold.ttf in Resources */ = {isa = PBXBuildFile; fileRef = C9F55FE82A480E5500E211C0 /* Raleway-SemiBold.ttf */; };
		C9F55FEC2A480E5500E211C0 /* Raleway-Regular.ttf in Resources */ = {isa = PBXBuildFile; fileRef = C9F55FE92A480E5500E211C0 /* Raleway-Regular.ttf */; };
		C9F55FED2A480E5500E211C0 /* Raleway-Bold.ttf in Resources */ = {isa = PBXBuildFile; fileRef = C9F55FEA2A480E5500E211C0 /* Raleway-Bold.ttf */; };
		C9F55FF22A480F9300E211C0 /* OnBoardingPage.swift in Sources */ = {isa = PBXBuildFile; fileRef = C9F55FF12A480F9300E211C0 /* OnBoardingPage.swift */; };
		C9F55FF42A48155E00E211C0 /* LoginPage.swift in Sources */ = {isa = PBXBuildFile; fileRef = C9F55FF32A48155E00E211C0 /* LoginPage.swift */; };
		C9F55FF72A48159C00E211C0 /* LoginPageModel.swift in Sources */ = {isa = PBXBuildFile; fileRef = C9F55FF62A48159C00E211C0 /* LoginPageModel.swift */; };
/* End PBXBuildFile section */

/* Begin PBXFileReference section */
		C98F076A2A604E990046E184 /* Maps.swift */ = {isa = PBXFileReference; lastKnownFileType = sourcecode.swift; path = Maps.swift; sourceTree = "<group>"; };
		C9A11A092A4859A9009776AF /* CustomCorners.swift */ = {isa = PBXFileReference; lastKnownFileType = sourcecode.swift; path = CustomCorners.swift; sourceTree = "<group>"; };
		C9A11A0B2A487E24009776AF /* MainPage.swift */ = {isa = PBXFileReference; lastKnownFileType = sourcecode.swift; path = MainPage.swift; sourceTree = "<group>"; };
		C9A11A0E2A4882DD009776AF /* Home.swift */ = {isa = PBXFileReference; lastKnownFileType = sourcecode.swift; path = Home.swift; sourceTree = "<group>"; };
		C9A11A112A48869A009776AF /* Product.swift */ = {isa = PBXFileReference; lastKnownFileType = sourcecode.swift; path = Product.swift; sourceTree = "<group>"; };
		C9A11A132A488939009776AF /* HomeView.swift */ = {isa = PBXFileReference; lastKnownFileType = sourcecode.swift; path = HomeView.swift; sourceTree = "<group>"; };
		C9A11A152A488C5C009776AF /* MoreProductView.swift */ = {isa = PBXFileReference; lastKnownFileType = sourcecode.swift; path = MoreProductView.swift; sourceTree = "<group>"; };
		C9AE34142A612B8400766A7F /* Profile.swift */ = {isa = PBXFileReference; lastKnownFileType = sourcecode.swift; path = Profile.swift; sourceTree = "<group>"; };
		C9AE34162A6136B800766A7F /* LocationDetailsView.swift */ = {isa = PBXFileReference; fileEncoding = 4; lastKnownFileType = sourcecode.swift; path = LocationDetailsView.swift; sourceTree = "<group>"; };
		C9AE34182A6136C600766A7F /* PlaceAnnotationView.swift */ = {isa = PBXFileReference; fileEncoding = 4; lastKnownFileType = sourcecode.swift; path = PlaceAnnotationView.swift; sourceTree = "<group>"; };
		C9AE341A2A613CB900766A7F /* PlaceAnnotationShowHideView.swift */ = {isa = PBXFileReference; fileEncoding = 4; lastKnownFileType = sourcecode.swift; path = PlaceAnnotationShowHideView.swift; sourceTree = "<group>"; };
		C9AE341C2A63CFCA00766A7F /* Form.swift */ = {isa = PBXFileReference; lastKnownFileType = sourcecode.swift; path = Form.swift; sourceTree = "<group>"; };
		C9F55FD52A480D6400E211C0 /* E-Commerce App UI.app */ = {isa = PBXFileReference; explicitFileType = wrapper.application; includeInIndex = 0; path = "E-Commerce App UI.app"; sourceTree = BUILT_PRODUCTS_DIR; };
		C9F55FD82A480D6400E211C0 /* E_Commerce_App_UIApp.swift */ = {isa = PBXFileReference; lastKnownFileType = sourcecode.swift; path = E_Commerce_App_UIApp.swift; sourceTree = "<group>"; };
		C9F55FDA2A480D6400E211C0 /* ContentView.swift */ = {isa = PBXFileReference; lastKnownFileType = sourcecode.swift; path = ContentView.swift; sourceTree = "<group>"; };
		C9F55FDC2A480D6700E211C0 /* Assets.xcassets */ = {isa = PBXFileReference; lastKnownFileType = folder.assetcatalog; path = Assets.xcassets; sourceTree = "<group>"; };
		C9F55FDE2A480D6700E211C0 /* E_Commerce_App_UI.entitlements */ = {isa = PBXFileReference; lastKnownFileType = text.plist.entitlements; path = E_Commerce_App_UI.entitlements; sourceTree = "<group>"; };
		C9F55FE02A480D6700E211C0 /* Preview Assets.xcassets */ = {isa = PBXFileReference; lastKnownFileType = folder.assetcatalog; path = "Preview Assets.xcassets"; sourceTree = "<group>"; };
		C9F55FE82A480E5500E211C0 /* Raleway-SemiBold.ttf */ = {isa = PBXFileReference; lastKnownFileType = file; path = "Raleway-SemiBold.ttf"; sourceTree = "<group>"; };
		C9F55FE92A480E5500E211C0 /* Raleway-Regular.ttf */ = {isa = PBXFileReference; lastKnownFileType = file; path = "Raleway-Regular.ttf"; sourceTree = "<group>"; };
		C9F55FEA2A480E5500E211C0 /* Raleway-Bold.ttf */ = {isa = PBXFileReference; lastKnownFileType = file; path = "Raleway-Bold.ttf"; sourceTree = "<group>"; };
		C9F55FEE2A480EB800E211C0 /* E-Commerce-App-UI-Info.plist */ = {isa = PBXFileReference; lastKnownFileType = text.plist; path = "E-Commerce-App-UI-Info.plist"; sourceTree = SOURCE_ROOT; };
		C9F55FF12A480F9300E211C0 /* OnBoardingPage.swift */ = {isa = PBXFileReference; lastKnownFileType = sourcecode.swift; path = OnBoardingPage.swift; sourceTree = "<group>"; };
		C9F55FF32A48155E00E211C0 /* LoginPage.swift */ = {isa = PBXFileReference; lastKnownFileType = sourcecode.swift; path = LoginPage.swift; sourceTree = "<group>"; };
		C9F55FF62A48159C00E211C0 /* LoginPageModel.swift */ = {isa = PBXFileReference; lastKnownFileType = sourcecode.swift; path = LoginPageModel.swift; sourceTree = "<group>"; };
/* End PBXFileReference section */

/* Begin PBXFrameworksBuildPhase section */
		C9F55FD22A480D6400E211C0 /* Frameworks */ = {
			isa = PBXFrameworksBuildPhase;
			buildActionMask = 2147483647;
			files = (
			);
			runOnlyForDeploymentPostprocessing = 0;
		};
/* End PBXFrameworksBuildPhase section */

/* Begin PBXGroup section */
		C9A11A0D2A4882BE009776AF /* Tab View */ = {
			isa = PBXGroup;
			children = (
				C9A11A0E2A4882DD009776AF /* Home.swift */,
				C98F076A2A604E990046E184 /* Maps.swift */,
				C9AE34162A6136B800766A7F /* LocationDetailsView.swift */,
				C9AE341A2A613CB900766A7F /* PlaceAnnotationShowHideView.swift */,
				C9AE34182A6136C600766A7F /* PlaceAnnotationView.swift */,
				C9AE34142A612B8400766A7F /* Profile.swift */,
				C9AE341C2A63CFCA00766A7F /* Form.swift */,
			);
			path = "Tab View";
			sourceTree = "<group>";
		};
		C9A11A102A48868B009776AF /* Model */ = {
			isa = PBXGroup;
			children = (
				C9A11A112A48869A009776AF /* Product.swift */,
			);
			path = Model;
			sourceTree = "<group>";
		};
		C9F55FCC2A480D6400E211C0 = {
			isa = PBXGroup;
			children = (
				C9F55FD72A480D6400E211C0 /* E-Commerce App UI */,
				C9F55FD62A480D6400E211C0 /* Products */,
			);
			sourceTree = "<group>";
		};
		C9F55FD62A480D6400E211C0 /* Products */ = {
			isa = PBXGroup;
			children = (
				C9F55FD52A480D6400E211C0 /* E-Commerce App UI.app */,
			);
			name = Products;
			sourceTree = "<group>";
		};
		C9F55FD72A480D6400E211C0 /* E-Commerce App UI */ = {
			isa = PBXGroup;
			children = (
				C9A11A102A48868B009776AF /* Model */,
				C9F55FF52A48157300E211C0 /* VIewModel */,
				C9F55FEF2A480F5600E211C0 /* View */,
				C9F55FEE2A480EB800E211C0 /* E-Commerce-App-UI-Info.plist */,
				C9F55FE72A480E3200E211C0 /* Fonts */,
				C9F55FD82A480D6400E211C0 /* E_Commerce_App_UIApp.swift */,
				C9F55FDA2A480D6400E211C0 /* ContentView.swift */,
				C9F55FDC2A480D6700E211C0 /* Assets.xcassets */,
				C9F55FDE2A480D6700E211C0 /* E_Commerce_App_UI.entitlements */,
				C9F55FDF2A480D6700E211C0 /* Preview Content */,
			);
			path = "E-Commerce App UI";
			sourceTree = "<group>";
		};
		C9F55FDF2A480D6700E211C0 /* Preview Content */ = {
			isa = PBXGroup;
			children = (
				C9F55FE02A480D6700E211C0 /* Preview Assets.xcassets */,
			);
			path = "Preview Content";
			sourceTree = "<group>";
		};
		C9F55FE72A480E3200E211C0 /* Fonts */ = {
			isa = PBXGroup;
			children = (
				C9F55FEA2A480E5500E211C0 /* Raleway-Bold.ttf */,
				C9F55FE92A480E5500E211C0 /* Raleway-Regular.ttf */,
				C9F55FE82A480E5500E211C0 /* Raleway-SemiBold.ttf */,
			);
			path = Fonts;
			sourceTree = "<group>";
		};
		C9F55FEF2A480F5600E211C0 /* View */ = {
			isa = PBXGroup;
			children = (
				C9A11A0D2A4882BE009776AF /* Tab View */,
				C9F55FF12A480F9300E211C0 /* OnBoardingPage.swift */,
				C9F55FF32A48155E00E211C0 /* LoginPage.swift */,
				C9A11A092A4859A9009776AF /* CustomCorners.swift */,
				C9A11A0B2A487E24009776AF /* MainPage.swift */,
				C9A11A152A488C5C009776AF /* MoreProductView.swift */,
			);
			path = View;
			sourceTree = "<group>";
		};
		C9F55FF52A48157300E211C0 /* VIewModel */ = {
			isa = PBXGroup;
			children = (
				C9F55FF62A48159C00E211C0 /* LoginPageModel.swift */,
				C9A11A132A488939009776AF /* HomeView.swift */,
			);
			path = VIewModel;
			sourceTree = "<group>";
		};
/* End PBXGroup section */

/* Begin PBXNativeTarget section */
		C9F55FD42A480D6400E211C0 /* E-Commerce App UI */ = {
			isa = PBXNativeTarget;
			buildConfigurationList = C9F55FE42A480D6700E211C0 /* Build configuration list for PBXNativeTarget "E-Commerce App UI" */;
			buildPhases = (
				C9F55FD12A480D6400E211C0 /* Sources */,
				C9F55FD22A480D6400E211C0 /* Frameworks */,
				C9F55FD32A480D6400E211C0 /* Resources */,
			);
			buildRules = (
			);
			dependencies = (
			);
			name = "E-Commerce App UI";
			productName = "E-Commerce App UI";
			productReference = C9F55FD52A480D6400E211C0 /* E-Commerce App UI.app */;
			productType = "com.apple.product-type.application";
		};
/* End PBXNativeTarget section */

/* Begin PBXProject section */
		C9F55FCD2A480D6400E211C0 /* Project object */ = {
			isa = PBXProject;
			attributes = {
				BuildIndependentTargetsInParallel = 1;
				LastSwiftUpdateCheck = 1400;
				LastUpgradeCheck = 1400;
				TargetAttributes = {
					C9F55FD42A480D6400E211C0 = {
						CreatedOnToolsVersion = 14.0.1;
					};
				};
			};
			buildConfigurationList = C9F55FD02A480D6400E211C0 /* Build configuration list for PBXProject "E-Commerce App UI" */;
			compatibilityVersion = "Xcode 14.0";
			developmentRegion = en;
			hasScannedForEncodings = 0;
			knownRegions = (
				en,
				Base,
			);
			mainGroup = C9F55FCC2A480D6400E211C0;
			productRefGroup = C9F55FD62A480D6400E211C0 /* Products */;
			projectDirPath = "";
			projectRoot = "";
			targets = (
				C9F55FD42A480D6400E211C0 /* E-Commerce App UI */,
			);
		};
/* End PBXProject section */

/* Begin PBXResourcesBuildPhase section */
		C9F55FD32A480D6400E211C0 /* Resources */ = {
			isa = PBXResourcesBuildPhase;
			buildActionMask = 2147483647;
			files = (
				C9F55FEB2A480E5500E211C0 /* Raleway-SemiBold.ttf in Resources */,
				C9F55FE12A480D6700E211C0 /* Preview Assets.xcassets in Resources */,
				C9F55FDD2A480D6700E211C0 /* Assets.xcassets in Resources */,
				C9F55FED2A480E5500E211C0 /* Raleway-Bold.ttf in Resources */,
				C9F55FEC2A480E5500E211C0 /* Raleway-Regular.ttf in Resources */,
			);
			runOnlyForDeploymentPostprocessing = 0;
		};
/* End PBXResourcesBuildPhase section */

/* Begin PBXSourcesBuildPhase section */
		C9F55FD12A480D6400E211C0 /* Sources */ = {
			isa = PBXSourcesBuildPhase;
			buildActionMask = 2147483647;
			files = (
				C9F55FF42A48155E00E211C0 /* LoginPage.swift in Sources */,
				C9A11A0A2A4859A9009776AF /* CustomCorners.swift in Sources */,
				C98F076B2A604E990046E184 /* Maps.swift in Sources */,
				C9AE34152A612B8400766A7F /* Profile.swift in Sources */,
				C9AE34172A6136B800766A7F /* LocationDetailsView.swift in Sources */,
				C9A11A122A48869A009776AF /* Product.swift in Sources */,
				C9AE341D2A63CFCA00766A7F /* Form.swift in Sources */,
				C9AE341B2A613CB900766A7F /* PlaceAnnotationShowHideView.swift in Sources */,
				C9A11A142A488939009776AF /* HomeView.swift in Sources */,
				C9F55FF72A48159C00E211C0 /* LoginPageModel.swift in Sources */,
				C9AE34192A6136C600766A7F /* PlaceAnnotationView.swift in Sources */,
				C9A11A162A488C5C009776AF /* MoreProductView.swift in Sources */,
				C9F55FDB2A480D6400E211C0 /* ContentView.swift in Sources */,
				C9F55FF22A480F9300E211C0 /* OnBoardingPage.swift in Sources */,
				C9A11A0C2A487E25009776AF /* MainPage.swift in Sources */,
				C9A11A0F2A4882DD009776AF /* Home.swift in Sources */,
				C9F55FD92A480D6400E211C0 /* E_Commerce_App_UIApp.swift in Sources */,
			);
			runOnlyForDeploymentPostprocessing = 0;
		};
/* End PBXSourcesBuildPhase section */

/* Begin XCBuildConfiguration section */
		C9F55FE22A480D6700E211C0 /* Debug */ = {
			isa = XCBuildConfiguration;
			buildSettings = {
				ALWAYS_SEARCH_USER_PATHS = NO;
				CLANG_ANALYZER_NONNULL = YES;
				CLANG_ANALYZER_NUMBER_OBJECT_CONVERSION = YES_AGGRESSIVE;
				CLANG_CXX_LANGUAGE_STANDARD = "gnu++20";
				CLANG_ENABLE_MODULES = YES;
				CLANG_ENABLE_OBJC_ARC = YES;
				CLANG_ENABLE_OBJC_WEAK = YES;
				CLANG_WARN_BLOCK_CAPTURE_AUTORELEASING = YES;
				CLANG_WARN_BOOL_CONVERSION = YES;
				CLANG_WARN_COMMA = YES;
				CLANG_WARN_CONSTANT_CONVERSION = YES;
				CLANG_WARN_DEPRECATED_OBJC_IMPLEMENTATIONS = YES;
				CLANG_WARN_DIRECT_OBJC_ISA_USAGE = YES_ERROR;
				CLANG_WARN_DOCUMENTATION_COMMENTS = YES;
				CLANG_WARN_EMPTY_BODY = YES;
				CLANG_WARN_ENUM_CONVERSION = YES;
				CLANG_WARN_INFINITE_RECURSION = YES;
				CLANG_WARN_INT_CONVERSION = YES;
				CLANG_WARN_NON_LITERAL_NULL_CONVERSION = YES;
				CLANG_WARN_OBJC_IMPLICIT_RETAIN_SELF = YES;
				CLANG_WARN_OBJC_LITERAL_CONVERSION = YES;
				CLANG_WARN_OBJC_ROOT_CLASS = YES_ERROR;
				CLANG_WARN_QUOTED_INCLUDE_IN_FRAMEWORK_HEADER = YES;
				CLANG_WARN_RANGE_LOOP_ANALYSIS = YES;
				CLANG_WARN_STRICT_PROTOTYPES = YES;
				CLANG_WARN_SUSPICIOUS_MOVE = YES;
				CLANG_WARN_UNGUARDED_AVAILABILITY = YES_AGGRESSIVE;
				CLANG_WARN_UNREACHABLE_CODE = YES;
				CLANG_WARN__DUPLICATE_METHOD_MATCH = YES;
				COPY_PHASE_STRIP = NO;
				DEBUG_INFORMATION_FORMAT = dwarf;
				ENABLE_STRICT_OBJC_MSGSEND = YES;
				ENABLE_TESTABILITY = YES;
				GCC_C_LANGUAGE_STANDARD = gnu11;
				GCC_DYNAMIC_NO_PIC = NO;
				GCC_NO_COMMON_BLOCKS = YES;
				GCC_OPTIMIZATION_LEVEL = 0;
				GCC_PREPROCESSOR_DEFINITIONS = (
					"DEBUG=1",
					"$(inherited)",
				);
				GCC_WARN_64_TO_32_BIT_CONVERSION = YES;
				GCC_WARN_ABOUT_RETURN_TYPE = YES_ERROR;
				GCC_WARN_UNDECLARED_SELECTOR = YES;
				GCC_WARN_UNINITIALIZED_AUTOS = YES_AGGRESSIVE;
				GCC_WARN_UNUSED_FUNCTION = YES;
				GCC_WARN_UNUSED_VARIABLE = YES;
				MTL_ENABLE_DEBUG_INFO = INCLUDE_SOURCE;
				MTL_FAST_MATH = YES;
				ONLY_ACTIVE_ARCH = YES;
				SWIFT_ACTIVE_COMPILATION_CONDITIONS = DEBUG;
				SWIFT_OPTIMIZATION_LEVEL = "-Onone";
			};
			name = Debug;
		};
		C9F55FE32A480D6700E211C0 /* Release */ = {
			isa = XCBuildConfiguration;
			buildSettings = {
				ALWAYS_SEARCH_USER_PATHS = NO;
				CLANG_ANALYZER_NONNULL = YES;
				CLANG_ANALYZER_NUMBER_OBJECT_CONVERSION = YES_AGGRESSIVE;
				CLANG_CXX_LANGUAGE_STANDARD = "gnu++20";
				CLANG_ENABLE_MODULES = YES;
				CLANG_ENABLE_OBJC_ARC = YES;
				CLANG_ENABLE_OBJC_WEAK = YES;
				CLANG_WARN_BLOCK_CAPTURE_AUTORELEASING = YES;
				CLANG_WARN_BOOL_CONVERSION = YES;
				CLANG_WARN_COMMA = YES;
				CLANG_WARN_CONSTANT_CONVERSION = YES;
				CLANG_WARN_DEPRECATED_OBJC_IMPLEMENTATIONS = YES;
				CLANG_WARN_DIRECT_OBJC_ISA_USAGE = YES_ERROR;
				CLANG_WARN_DOCUMENTATION_COMMENTS = YES;
				CLANG_WARN_EMPTY_BODY = YES;
				CLANG_WARN_ENUM_CONVERSION = YES;
				CLANG_WARN_INFINITE_RECURSION = YES;
				CLANG_WARN_INT_CONVERSION = YES;
				CLANG_WARN_NON_LITERAL_NULL_CONVERSION = YES;
				CLANG_WARN_OBJC_IMPLICIT_RETAIN_SELF = YES;
				CLANG_WARN_OBJC_LITERAL_CONVERSION = YES;
				CLANG_WARN_OBJC_ROOT_CLASS = YES_ERROR;
				CLANG_WARN_QUOTED_INCLUDE_IN_FRAMEWORK_HEADER = YES;
				CLANG_WARN_RANGE_LOOP_ANALYSIS = YES;
				CLANG_WARN_STRICT_PROTOTYPES = YES;
				CLANG_WARN_SUSPICIOUS_MOVE = YES;
				CLANG_WARN_UNGUARDED_AVAILABILITY = YES_AGGRESSIVE;
				CLANG_WARN_UNREACHABLE_CODE = YES;
				CLANG_WARN__DUPLICATE_METHOD_MATCH = YES;
				COPY_PHASE_STRIP = NO;
				DEBUG_INFORMATION_FORMAT = "dwarf-with-dsym";
				ENABLE_NS_ASSERTIONS = NO;
				ENABLE_STRICT_OBJC_MSGSEND = YES;
				GCC_C_LANGUAGE_STANDARD = gnu11;
				GCC_NO_COMMON_BLOCKS = YES;
				GCC_WARN_64_TO_32_BIT_CONVERSION = YES;
				GCC_WARN_ABOUT_RETURN_TYPE = YES_ERROR;
				GCC_WARN_UNDECLARED_SELECTOR = YES;
				GCC_WARN_UNINITIALIZED_AUTOS = YES_AGGRESSIVE;
				GCC_WARN_UNUSED_FUNCTION = YES;
				GCC_WARN_UNUSED_VARIABLE = YES;
				MTL_ENABLE_DEBUG_INFO = NO;
				MTL_FAST_MATH = YES;
				SWIFT_COMPILATION_MODE = wholemodule;
				SWIFT_OPTIMIZATION_LEVEL = "-O";
			};
			name = Release;
		};
		C9F55FE52A480D6700E211C0 /* Debug */ = {
			isa = XCBuildConfiguration;
			buildSettings = {
				ASSETCATALOG_COMPILER_APPICON_NAME = AppIcon;
				ASSETCATALOG_COMPILER_GLOBAL_ACCENT_COLOR_NAME = AccentColor;
				CODE_SIGN_ENTITLEMENTS = "E-Commerce App UI/E_Commerce_App_UI.entitlements";
				CODE_SIGN_STYLE = Automatic;
				CURRENT_PROJECT_VERSION = 1;
				DEVELOPMENT_ASSET_PATHS = "\"E-Commerce App UI/Preview Content\"";
				DEVELOPMENT_TEAM = 8Z9X8RP97Z;
				ENABLE_HARDENED_RUNTIME = YES;
				ENABLE_PREVIEWS = YES;
				GENERATE_INFOPLIST_FILE = YES;
				INFOPLIST_FILE = "E-Commerce-App-UI-Info.plist";
				INFOPLIST_KEY_NSLocationWhenInUseUsageDescription = "This app needs your location to show it on the map";
				"INFOPLIST_KEY_UIApplicationSceneManifest_Generation[sdk=iphoneos*]" = YES;
				"INFOPLIST_KEY_UIApplicationSceneManifest_Generation[sdk=iphonesimulator*]" = YES;
				"INFOPLIST_KEY_UIApplicationSupportsIndirectInputEvents[sdk=iphoneos*]" = YES;
				"INFOPLIST_KEY_UIApplicationSupportsIndirectInputEvents[sdk=iphonesimulator*]" = YES;
				"INFOPLIST_KEY_UILaunchScreen_Generation[sdk=iphoneos*]" = YES;
				"INFOPLIST_KEY_UILaunchScreen_Generation[sdk=iphonesimulator*]" = YES;
				"INFOPLIST_KEY_UIStatusBarStyle[sdk=iphoneos*]" = UIStatusBarStyleDefault;
				"INFOPLIST_KEY_UIStatusBarStyle[sdk=iphonesimulator*]" = UIStatusBarStyleDefault;
				INFOPLIST_KEY_UISupportedInterfaceOrientations_iPad = "UIInterfaceOrientationPortrait UIInterfaceOrientationPortraitUpsideDown UIInterfaceOrientationLandscapeLeft UIInterfaceOrientationLandscapeRight";
				INFOPLIST_KEY_UISupportedInterfaceOrientations_iPhone = "UIInterfaceOrientationPortrait UIInterfaceOrientationLandscapeLeft UIInterfaceOrientationLandscapeRight";
				IPHONEOS_DEPLOYMENT_TARGET = 16.0;
				LD_RUNPATH_SEARCH_PATHS = "@executable_path/Frameworks";
				"LD_RUNPATH_SEARCH_PATHS[sdk=macosx*]" = "@executable_path/../Frameworks";
				MACOSX_DEPLOYMENT_TARGET = 12.3;
				MARKETING_VERSION = 1.0;
				PRODUCT_BUNDLE_IDENTIFIER = "com.aditya-pratama.E-Commerce-App-UI";
				PRODUCT_NAME = "$(TARGET_NAME)";
				SDKROOT = auto;
				SUPPORTED_PLATFORMS = "iphoneos iphonesimulator macosx";
				SWIFT_EMIT_LOC_STRINGS = YES;
				SWIFT_VERSION = 5.0;
				TARGETED_DEVICE_FAMILY = "1,2";
			};
			name = Debug;
		};
		C9F55FE62A480D6700E211C0 /* Release */ = {
			isa = XCBuildConfiguration;
			buildSettings = {
				ASSETCATALOG_COMPILER_APPICON_NAME = AppIcon;
				ASSETCATALOG_COMPILER_GLOBAL_ACCENT_COLOR_NAME = AccentColor;
				CODE_SIGN_ENTITLEMENTS = "E-Commerce App UI/E_Commerce_App_UI.entitlements";
				CODE_SIGN_STYLE = Automatic;
				CURRENT_PROJECT_VERSION = 1;
				DEVELOPMENT_ASSET_PATHS = "\"E-Commerce App UI/Preview Content\"";
				DEVELOPMENT_TEAM = 8Z9X8RP97Z;
				ENABLE_HARDENED_RUNTIME = YES;
				ENABLE_PREVIEWS = YES;
				GENERATE_INFOPLIST_FILE = YES;
				INFOPLIST_FILE = "E-Commerce-App-UI-Info.plist";
				INFOPLIST_KEY_NSLocationWhenInUseUsageDescription = "This app needs your location to show it on the map";
				"INFOPLIST_KEY_UIApplicationSceneManifest_Generation[sdk=iphoneos*]" = YES;
				"INFOPLIST_KEY_UIApplicationSceneManifest_Generation[sdk=iphonesimulator*]" = YES;
				"INFOPLIST_KEY_UIApplicationSupportsIndirectInputEvents[sdk=iphoneos*]" = YES;
				"INFOPLIST_KEY_UIApplicationSupportsIndirectInputEvents[sdk=iphonesimulator*]" = YES;
				"INFOPLIST_KEY_UILaunchScreen_Generation[sdk=iphoneos*]" = YES;
				"INFOPLIST_KEY_UILaunchScreen_Generation[sdk=iphonesimulator*]" = YES;
				"INFOPLIST_KEY_UIStatusBarStyle[sdk=iphoneos*]" = UIStatusBarStyleDefault;
				"INFOPLIST_KEY_UIStatusBarStyle[sdk=iphonesimulator*]" = UIStatusBarStyleDefault;
				INFOPLIST_KEY_UISupportedInterfaceOrientations_iPad = "UIInterfaceOrientationPortrait UIInterfaceOrientationPortraitUpsideDown UIInterfaceOrientationLandscapeLeft UIInterfaceOrientationLandscapeRight";
				INFOPLIST_KEY_UISupportedInterfaceOrientations_iPhone = "UIInterfaceOrientationPortrait UIInterfaceOrientationLandscapeLeft UIInterfaceOrientationLandscapeRight";
				IPHONEOS_DEPLOYMENT_TARGET = 16.0;
				LD_RUNPATH_SEARCH_PATHS = "@executable_path/Frameworks";
				"LD_RUNPATH_SEARCH_PATHS[sdk=macosx*]" = "@executable_path/../Frameworks";
				MACOSX_DEPLOYMENT_TARGET = 12.3;
				MARKETING_VERSION = 1.0;
				PRODUCT_BUNDLE_IDENTIFIER = "com.aditya-pratama.E-Commerce-App-UI";
				PRODUCT_NAME = "$(TARGET_NAME)";
				SDKROOT = auto;
				SUPPORTED_PLATFORMS = "iphoneos iphonesimulator macosx";
				SWIFT_EMIT_LOC_STRINGS = YES;
				SWIFT_VERSION = 5.0;
				TARGETED_DEVICE_FAMILY = "1,2";
			};
			name = Release;
		};
/* End XCBuildConfiguration section */

/* Begin XCConfigurationList section */
		C9F55FD02A480D6400E211C0 /* Build configuration list for PBXProject "E-Commerce App UI" */ = {
			isa = XCConfigurationList;
			buildConfigurations = (
				C9F55FE22A480D6700E211C0 /* Debug */,
				C9F55FE32A480D6700E211C0 /* Release */,
			);
			defaultConfigurationIsVisible = 0;
			defaultConfigurationName = Release;
		};
		C9F55FE42A480D6700E211C0 /* Build configuration list for PBXNativeTarget "E-Commerce App UI" */ = {
			isa = XCConfigurationList;
			buildConfigurations = (
				C9F55FE52A480D6700E211C0 /* Debug */,
				C9F55FE62A480D6700E211C0 /* Release */,
			);
			defaultConfigurationIsVisible = 0;
			defaultConfigurationName = Release;
		};
/* End XCConfigurationList section */
	};
	rootObject = C9F55FCD2A480D6400E211C0 /* Project object */;
}
